
Microsoft Visual Studio Solution File, Format Version 11.00
# Visual Studio 2010
Project("{FAE04EC0-301F-11D3-BF4B-00C04F79EFBC}") = "Assembly-CSharp", "Assembly-CSharp.csproj", "{66FE1688-30C5-9CA6-F97D-106FAA3BD669}"
EndProject
Project("{FAE04EC0-301F-11D3-BF4B-00C04F79EFBC}") = "Assembly-CSharp-Editor", "Assembly-CSharp-Editor.csproj", "{A8753029-6227-18FF-472C-68AB213C1C96}"
EndProject
Global
	GlobalSection(SolutionConfigurationPlatforms) = preSolution
		Debug|Any CPU = Debug|Any CPU
		Release|Any CPU = Release|Any CPU
	EndGlobalSection
	GlobalSection(ProjectConfigurationPlatforms) = postSolution
		{66FE1688-30C5-9CA6-F97D-106FAA3BD669}.Debug|Any CPU.ActiveCfg = Debug|Any CPU
		{66FE1688-30C5-9CA6-F97D-106FAA3BD669}.Debug|Any CPU.Build.0 = Debug|Any CPU
		{66FE1688-30C5-9CA6-F97D-106FAA3BD669}.Release|Any CPU.ActiveCfg = Release|Any CPU
		{66FE1688-30C5-9CA6-F97D-106FAA3BD669}.Release|Any CPU.Build.0 = Release|Any CPU
		{A8753029-6227-18FF-472C-68AB213C1C96}.Debug|Any CPU.ActiveCfg = Debug|Any CPU
		{A8753029-6227-18FF-472C-68AB213C1C96}.Debug|Any CPU.Build.0 = Debug|Any CPU
		{A8753029-6227-18FF-472C-68AB213C1C96}.Release|Any CPU.ActiveCfg = Release|Any CPU
		{A8753029-6227-18FF-472C-68AB213C1C96}.Release|Any CPU.Build.0 = Release|Any CPU
	EndGlobalSection
	GlobalSection(SolutionProperties) = preSolution
		HideSolutionNode = FALSE
	EndGlobalSection
EndGlobal
